// !$*UTF8*$!
{
	archiveVersion = 1;
	classes = {
	};
	objectVersion = 46;
	objects = {

/* Begin PBXBuildFile section */
		6489A55E1C8F3405000257EF /* main.m in Sources */ = {isa = PBXBuildFile; fileRef = 6489A55D1C8F3405000257EF /* main.m */; };
		6489A5611C8F3405000257EF /* AppDelegate.m in Sources */ = {isa = PBXBuildFile; fileRef = 6489A5601C8F3405000257EF /* AppDelegate.m */; };
		6489A5641C8F3405000257EF /* ViewController.m in Sources */ = {isa = PBXBuildFile; fileRef = 6489A5631C8F3405000257EF /* ViewController.m */; };
		6489A5671C8F3405000257EF /* Main.storyboard in Resources */ = {isa = PBXBuildFile; fileRef = 6489A5651C8F3405000257EF /* Main.storyboard */; };
		6489A5691C8F3405000257EF /* Assets.xcassets in Resources */ = {isa = PBXBuildFile; fileRef = 6489A5681C8F3405000257EF /* Assets.xcassets */; };
		6489A56C1C8F3405000257EF /* LaunchScreen.storyboard in Resources */ = {isa = PBXBuildFile; fileRef = 6489A56A1C8F3405000257EF /* LaunchScreen.storyboard */; };
		6489A5771C8F3405000257EF /* ZhuZhenAmationTests.m in Sources */ = {isa = PBXBuildFile; fileRef = 6489A5761C8F3405000257EF /* ZhuZhenAmationTests.m */; };
		6489A5821C8F3405000257EF /* ZhuZhenAmationUITests.m in Sources */ = {isa = PBXBuildFile; fileRef = 6489A5811C8F3405000257EF /* ZhuZhenAmationUITests.m */; };
/* End PBXBuildFile section */

/* Begin PBXContainerItemProxy section */
		6489A5731C8F3405000257EF /* PBXContainerItemProxy */ = {
			isa = PBXContainerItemProxy;
			containerPortal = 6489A5511C8F3405000257EF /* Project object */;
			proxyType = 1;
			remoteGlobalIDString = 6489A5581C8F3405000257EF;
			remoteInfo = ZhuZhenAmation;
		};
		6489A57E1C8F3405000257EF /* PBXContainerItemProxy */ = {
			isa = PBXContainerItemProxy;
			containerPortal = 6489A5511C8F3405000257EF /* Project object */;
			proxyType = 1;
			remoteGlobalIDString = 6489A5581C8F3405000257EF;
			remoteInfo = ZhuZhenAmation;
		};
/* End PBXContainerItemProxy section */

/* Begin PBXFileReference section */
		6489A5591C8F3405000257EF /* ZhuZhenAmation.app */ = {isa = PBXFileReference; explicitFileType = wrapper.application; includeInIndex = 0; path = ZhuZhenAmation.app; sourceTree = BUILT_PRODUCTS_DIR; };
		6489A55D1C8F3405000257EF /* main.m */ = {isa = PBXFileReference; lastKnownFileType = sourcecode.c.objc; path = main.m; sourceTree = "<group>"; };
		6489A55F1C8F3405000257EF /* AppDelegate.h */ = {isa = PBXFileReference; lastKnownFileType = sourcecode.c.h; path = AppDelegate.h; sourceTree = "<group>"; };
		6489A5601C8F3405000257EF /* AppDelegate.m */ = {isa = PBXFileReference; lastKnownFileType = sourcecode.c.objc; path = AppDelegate.m; sourceTree = "<group>"; };
		6489A5621C8F3405000257EF /* ViewController.h */ = {isa = PBXFileReference; lastKnownFileType = sourcecode.c.h; path = ViewController.h; sourceTree = "<group>"; };
		6489A5631C8F3405000257EF /* ViewController.m */ = {isa = PBXFileReference; lastKnownFileType = sourcecode.c.objc; path = ViewController.m; sourceTree = "<group>"; };
		6489A5661C8F3405000257EF /* Base */ = {isa = PBXFileReference; lastKnownFileType = file.storyboard; name = Base; path = Base.lproj/Main.storyboard; sourceTree = "<group>"; };
		6489A5681C8F3405000257EF /* Assets.xcassets */ = {isa = PBXFileReference; lastKnownFileType = folder.assetcatalog; path = Assets.xcassets; sourceTree = "<group>"; };
		6489A56B1C8F3405000257EF /* Base */ = {isa = PBXFileReference; lastKnownFileType = file.storyboard; name = Base; path = Base.lproj/LaunchScreen.storyboard; sourceTree = "<group>"; };
		6489A56D1C8F3405000257EF /* Info.plist */ = {isa = PBXFileReference; lastKnownFileType = text.plist.xml; path = Info.plist; sourceTree = "<group>"; };
		6489A5721C8F3405000257EF /* ZhuZhenAmationTests.xctest */ = {isa = PBXFileReference; explicitFileType = wrapper.cfbundle; includeInIndex = 0; path = ZhuZhenAmationTests.xctest; sourceTree = BUILT_PRODUCTS_DIR; };
		6489A5761C8F3405000257EF /* ZhuZhenAmationTests.m */ = {isa = PBXFileReference; lastKnownFileType = sourcecode.c.objc; path = ZhuZhenAmationTests.m; sourceTree = "<group>"; };
		6489A5781C8F3405000257EF /* Info.plist */ = {isa = PBXFileReference; lastKnownFileType = text.plist.xml; path = Info.plist; sourceTree = "<group>"; };
		6489A57D1C8F3405000257EF /* ZhuZhenAmationUITests.xctest */ = {isa = PBXFileReference; explicitFileType = wrapper.cfbundle; includeInIndex = 0; path = ZhuZhenAmationUITests.xctest; sourceTree = BUILT_PRODUCTS_DIR; };
		6489A5811C8F3405000257EF /* ZhuZhenAmationUITests.m */ = {isa = PBXFileReference; lastKnownFileType = sourcecode.c.objc; path = ZhuZhenAmationUITests.m; sourceTree = "<group>"; };
		6489A5831C8F3405000257EF /* Info.plist */ = {isa = PBXFileReference; lastKnownFileType = text.plist.xml; path = Info.plist; sourceTree = "<group>"; };
/* End PBXFileReference section */

/* Begin PBXFrameworksBuildPhase section */
		6489A5561C8F3405000257EF /* Frameworks */ = {
			isa = PBXFrameworksBuildPhase;
			buildActionMask = 2147483647;
			files = (
			);
			runOnlyForDeploymentPostprocessing = 0;
		};
		6489A56F1C8F3405000257EF /* Frameworks */ = {
			isa = PBXFrameworksBuildPhase;
			buildActionMask = 2147483647;
			files = (
			);
			runOnlyForDeploymentPostprocessing = 0;
		};
		6489A57A1C8F3405000257EF /* Frameworks */ = {
			isa = PBXFrameworksBuildPhase;
			buildActionMask = 2147483647;
			files = (
			);
			runOnlyForDeploymentPostprocessing = 0;
		};
/* End PBXFrameworksBuildPhase section */

/* Begin PBXGroup section */
		6489A5501C8F3405000257EF = {
			isa = PBXGroup;
			children = (
				6489A55B1C8F3405000257EF /* ZhuZhenAmation */,
				6489A5751C8F3405000257EF /* ZhuZhenAmationTests */,
				6489A5801C8F3405000257EF /* ZhuZhenAmationUITests */,
				6489A55A1C8F3405000257EF /* Products */,
			);
			sourceTree = "<group>";
		};
		6489A55A1C8F3405000257EF /* Products */ = {
			isa = PBXGroup;
			children = (
				6489A5591C8F3405000257EF /* ZhuZhenAmation.app */,
				6489A5721C8F3405000257EF /* ZhuZhenAmationTests.xctest */,
				6489A57D1C8F3405000257EF /* ZhuZhenAmationUITests.xctest */,
			);
			name = Products;
			sourceTree = "<group>";
		};
		6489A55B1C8F3405000257EF /* ZhuZhenAmation */ = {
			isa = PBXGroup;
			children = (
				6489A55F1C8F3405000257EF /* AppDelegate.h */,
				6489A5601C8F3405000257EF /* AppDelegate.m */,
				6489A5621C8F3405000257EF /* ViewController.h */,
				6489A5631C8F3405000257EF /* ViewController.m */,
				6489A5651C8F3405000257EF /* Main.storyboard */,
				6489A5681C8F3405000257EF /* Assets.xcassets */,
				6489A56A1C8F3405000257EF /* LaunchScreen.storyboard */,
				6489A56D1C8F3405000257EF /* Info.plist */,
				6489A55C1C8F3405000257EF /* Supporting Files */,
			);
			path = ZhuZhenAmation;
			sourceTree = "<group>";
		};
		6489A55C1C8F3405000257EF /* Supporting Files */ = {
			isa = PBXGroup;
			children = (
				6489A55D1C8F3405000257EF /* main.m */,
			);
			name = "Supporting Files";
			sourceTree = "<group>";
		};
		6489A5751C8F3405000257EF /* ZhuZhenAmationTests */ = {
			isa = PBXGroup;
			children = (
				6489A5761C8F3405000257EF /* ZhuZhenAmationTests.m */,
				6489A5781C8F3405000257EF /* Info.plist */,
			);
			path = ZhuZhenAmationTests;
			sourceTree = "<group>";
		};
		6489A5801C8F3405000257EF /* ZhuZhenAmationUITests */ = {
			isa = PBXGroup;
			children = (
				6489A5811C8F3405000257EF /* ZhuZhenAmationUITests.m */,
				6489A5831C8F3405000257EF /* Info.plist */,
			);
			path = ZhuZhenAmationUITests;
			sourceTree = "<group>";
		};
/* End PBXGroup section */

/* Begin PBXNativeTarget section */
		6489A5581C8F3405000257EF /* ZhuZhenAmation */ = {
			isa = PBXNativeTarget;
			buildConfigurationList = 6489A5861C8F3405000257EF /* Build configuration list for PBXNativeTarget "ZhuZhenAmation" */;
			buildPhases = (
				6489A5551C8F3405000257EF /* Sources */,
				6489A5561C8F3405000257EF /* Frameworks */,
				6489A5571C8F3405000257EF /* Resources */,
			);
			buildRules = (
			);
			dependencies = (
			);
			name = ZhuZhenAmation;
			productName = ZhuZhenAmation;
			productReference = 6489A5591C8F3405000257EF /* ZhuZhenAmation.app */;
			productType = "com.apple.product-type.application";
		};
		6489A5711C8F3405000257EF /* ZhuZhenAmationTests */ = {
			isa = PBXNativeTarget;
			buildConfigurationList = 6489A5891C8F3405000257EF /* Build configuration list for PBXNativeTarget "ZhuZhenAmationTests" */;
			buildPhases = (
				6489A56E1C8F3405000257EF /* Sources */,
				6489A56F1C8F3405000257EF /* Frameworks */,
				6489A5701C8F3405000257EF /* Resources */,
			);
			buildRules = (
			);
			dependencies = (
				6489A5741C8F3405000257EF /* PBXTargetDependency */,
			);
			name = ZhuZhenAmationTests;
			productName = ZhuZhenAmationTests;
			productReference = 6489A5721C8F3405000257EF /* ZhuZhenAmationTests.xctest */;
			productType = "com.apple.product-type.bundle.unit-test";
		};
		6489A57C1C8F3405000257EF /* ZhuZhenAmationUITests */ = {
			isa = PBXNativeTarget;
			buildConfigurationList = 6489A58C1C8F3405000257EF /* Build configuration list for PBXNativeTarget "ZhuZhenAmationUITests" */;
			buildPhases = (
				6489A5791C8F3405000257EF /* Sources */,
				6489A57A1C8F3405000257EF /* Frameworks */,
				6489A57B1C8F3405000257EF /* Resources */,
			);
			buildRules = (
			);
			dependencies = (
				6489A57F1C8F3405000257EF /* PBXTargetDependency */,
			);
			name = ZhuZhenAmationUITests;
			productName = ZhuZhenAmationUITests;
			productReference = 6489A57D1C8F3405000257EF /* ZhuZhenAmationUITests.xctest */;
			productType = "com.apple.product-type.bundle.ui-testing";
		};
/* End PBXNativeTarget section */

/* Begin PBXProject section */
		6489A5511C8F3405000257EF /* Project object */ = {
			isa = PBXProject;
			attributes = {
				LastUpgradeCheck = 0720;
				ORGANIZATIONNAME = HuiDe;
				TargetAttributes = {
					6489A5581C8F3405000257EF = {
						CreatedOnToolsVersion = 7.2.1;
					};
					6489A5711C8F3405000257EF = {
						CreatedOnToolsVersion = 7.2.1;
						TestTargetID = 6489A5581C8F3405000257EF;
					};
					6489A57C1C8F3405000257EF = {
						CreatedOnToolsVersion = 7.2.1;
						TestTargetID = 6489A5581C8F3405000257EF;
					};
				};
			};
			buildConfigurationList = 6489A5541C8F3405000257EF /* Build configuration list for PBXProject "ZhuZhenAmation" */;
			compatibilityVersion = "Xcode 3.2";
			developmentRegion = English;
			hasScannedForEncodings = 0;
			knownRegions = (
				en,
				Base,
			);
			mainGroup = 6489A5501C8F3405000257EF;
			productRefGroup = 6489A55A1C8F3405000257EF /* Products */;
			projectDirPath = "";
			projectRoot = "";
			targets = (
				6489A5581C8F3405000257EF /* ZhuZhenAmation */,
				6489A5711C8F3405000257EF /* ZhuZhenAmationTests */,
				6489A57C1C8F3405000257EF /* ZhuZhenAmationUITests */,
			);
		};
/* End PBXProject section */

/* Begin PBXResourcesBuildPhase section */
		6489A5571C8F3405000257EF /* Resources */ = {
			isa = PBXResourcesBuildPhase;
			buildActionMask = 2147483647;
			files = (
				6489A56C1C8F3405000257EF /* LaunchScreen.storyboard in Resources */,
				6489A5691C8F3405000257EF /* Assets.xcassets in Resources */,
				6489A5671C8F3405000257EF /* Main.storyboard in Resources */,
			);
			runOnlyForDeploymentPostprocessing = 0;
		};
		6489A5701C8F3405000257EF /* Resources */ = {
			isa = PBXResourcesBuildPhase;
			buildActionMask = 2147483647;
			files = (
			);
			runOnlyForDeploymentPostprocessing = 0;
		};
		6489A57B1C8F3405000257EF /* Resources */ = {
			isa = PBXResourcesBuildPhase;
			buildActionMask = 2147483647;
			files = (
			);
			runOnlyForDeploymentPostprocessing = 0;
		};
/* End PBXResourcesBuildPhase section */

/* Begin PBXSourcesBuildPhase section */
		6489A5551C8F3405000257EF /* Sources */ = {
			isa = PBXSourcesBuildPhase;
			buildActionMask = 2147483647;
			files = (
				6489A5641C8F3405000257EF /* ViewController.m in Sources */,
				6489A5611C8F3405000257EF /* AppDelegate.m in Sources */,
				6489A55E1C8F3405000257EF /* main.m in Sources */,
			);
			runOnlyForDeploymentPostprocessing = 0;
		};
		6489A56E1C8F3405000257EF /* Sources */ = {
			isa = PBXSourcesBuildPhase;
			buildActionMask = 2147483647;
			files = (
				6489A5771C8F3405000257EF /* ZhuZhenAmationTests.m in Sources */,
			);
			runOnlyForDeploymentPostprocessing = 0;
		};
		6489A5791C8F3405000257EF /* Sources */ = {
			isa = PBXSourcesBuildPhase;
			buildActionMask = 2147483647;
			files = (
				6489A5821C8F3405000257EF /* ZhuZhenAmationUITests.m in Sources */,
			);
			runOnlyForDeploymentPostprocessing = 0;
		};
/* End PBXSourcesBuildPhase section */

/* Begin PBXTargetDependency section */
		6489A5741C8F3405000257EF /* PBXTargetDependency */ = {
			isa = PBXTargetDependency;
			target = 6489A5581C8F3405000257EF /* ZhuZhenAmation */;
			targetProxy = 6489A5731C8F3405000257EF /* PBXContainerItemProxy */;
		};
		6489A57F1C8F3405000257EF /* PBXTargetDependency */ = {
			isa = PBXTargetDependency;
			target = 6489A5581C8F3405000257EF /* ZhuZhenAmation */;
			targetProxy = 6489A57E1C8F3405000257EF /* PBXContainerItemProxy */;
		};
/* End PBXTargetDependency section */

/* Begin PBXVariantGroup section */
		6489A5651C8F3405000257EF /* Main.storyboard */ = {
			isa = PBXVariantGroup;
			children = (
				6489A5661C8F3405000257EF /* Base */,
			);
			name = Main.storyboard;
			sourceTree = "<group>";
		};
		6489A56A1C8F3405000257EF /* LaunchScreen.storyboard */ = {
			isa = PBXVariantGroup;
			children = (
				6489A56B1C8F3405000257EF /* Base */,
			);
			name = LaunchScreen.storyboard;
			sourceTree = "<group>";
		};
/* End PBXVariantGroup section */

/* Begin XCBuildConfiguration section */
		6489A5841C8F3405000257EF /* Debug */ = {
			isa = XCBuildConfiguration;
			buildSettings = {
				ALWAYS_SEARCH_USER_PATHS = NO;
				CLANG_CXX_LANGUAGE_STANDARD = "gnu++0x";
				CLANG_CXX_LIBRARY = "libc++";
				CLANG_ENABLE_MODULES = YES;
				CLANG_ENABLE_OBJC_ARC = YES;
				CLANG_WARN_BOOL_CONVERSION = YES;
				CLANG_WARN_CONSTANT_CONVERSION = YES;
				CLANG_WARN_DIRECT_OBJC_ISA_USAGE = YES_ERROR;
				CLANG_WARN_EMPTY_BODY = YES;
				CLANG_WARN_ENUM_CONVERSION = YES;
				CLANG_WARN_INT_CONVERSION = YES;
				CLANG_WARN_OBJC_ROOT_CLASS = YES_ERROR;
				CLANG_WARN_UNREACHABLE_CODE = YES;
				CLANG_WARN__DUPLICATE_METHOD_MATCH = YES;
				"CODE_SIGN_IDENTITY[sdk=iphoneos*]" = "iPhone Developer";
				COPY_PHASE_STRIP = NO;
				DEBUG_INFORMATION_FORMAT = dwarf;
				ENABLE_STRICT_OBJC_MSGSEND = YES;
				ENABLE_TESTABILITY = YES;
				GCC_C_LANGUAGE_STANDARD = gnu99;
				GCC_DYNAMIC_NO_PIC = NO;
				GCC_NO_COMMON_BLOCKS = YES;
				GCC_OPTIMIZATION_LEVEL = 0;
				GCC_PREPROCESSOR_DEFINITIONS = (
					"DEBUG=1",
					"$(inherited)",
				);
				GCC_WARN_64_TO_32_BIT_CONVERSION = YES;
				GCC_WARN_ABOUT_RETURN_TYPE = YES_ERROR;
				GCC_WARN_UNDECLARED_SELECTOR = YES;
				GCC_WARN_UNINITIALIZED_AUTOS = YES_AGGRESSIVE;
				GCC_WARN_UNUSED_FUNCTION = YES;
				GCC_WARN_UNUSED_VARIABLE = YES;
				IPHONEOS_DEPLOYMENT_TARGET = 9.2;
				MTL_ENABLE_DEBUG_INFO = YES;
				ONLY_ACTIVE_ARCH = YES;
				SDKROOT = iphoneos;
			};
			name = Debug;
		};
		6489A5851C8F3405000257EF /* Release */ = {
			isa = XCBuildConfiguration;
			buildSettings = {
				ALWAYS_SEARCH_USER_PATHS = NO;
				CLANG_CXX_LANGUAGE_STANDARD = "gnu++0x";
				CLANG_CXX_LIBRARY = "libc++";
				CLANG_ENABLE_MODULES = YES;
				CLANG_ENABLE_OBJC_ARC = YES;
				CLANG_WARN_BOOL_CONVERSION = YES;
				CLANG_WARN_CONSTANT_CONVERSION = YES;
				CLANG_WARN_DIRECT_OBJC_ISA_USAGE = YES_ERROR;
				CLANG_WARN_EMPTY_BODY = YES;
				CLANG_WARN_ENUM_CONVERSION = YES;
				CLANG_WARN_INT_CONVERSION = YES;
				CLANG_WARN_OBJC_ROOT_CLASS = YES_ERROR;
				CLANG_WARN_UNREACHABLE_CODE = YES;
				CLANG_WARN__DUPLICATE_METHOD_MATCH = YES;
				"CODE_SIGN_IDENTITY[sdk=iphoneos*]" = "iPhone Developer";
				COPY_PHASE_STRIP = NO;
				DEBUG_INFORMATION_FORMAT = "dwarf-with-dsym";
				ENABLE_NS_ASSERTIONS = NO;
				ENABLE_STRICT_OBJC_MSGSEND = YES;
				GCC_C_LANGUAGE_STANDARD = gnu99;
				GCC_NO_COMMON_BLOCKS = YES;
				GCC_WARN_64_TO_32_BIT_CONVERSION = YES;
				GCC_WARN_ABOUT_RETURN_TYPE = YES_ERROR;
				GCC_WARN_UNDECLARED_SELECTOR = YES;
				GCC_WARN_UNINITIALIZED_AUTOS = YES_AGGRESSIVE;
				GCC_WARN_UNUSED_FUNCTION = YES;
				GCC_WARN_UNUSED_VARIABLE = YES;
				IPHONEOS_DEPLOYMENT_TARGET = 9.2;
				MTL_ENABLE_DEBUG_INFO = NO;
				SDKROOT = iphoneos;
				VALIDATE_PRODUCT = YES;
			};
			name = Release;
		};
		6489A5871C8F3405000257EF /* Debug */ = {
			isa = XCBuildConfiguration;
			buildSettings = {
				ASSETCATALOG_COMPILER_APPICON_NAME = AppIcon;
				INFOPLIST_FILE = ZhuZhenAmation/Info.plist;
				LD_RUNPATH_SEARCH_PATHS = "$(inherited) @executable_path/Frameworks";
				PRODUCT_BUNDLE_IDENTIFIER = com.fushike.ZhuZhenAmation;
				PRODUCT_NAME = "$(TARGET_NAME)";
			};
			name = Debug;
		};
		6489A5881C8F3405000257EF /* Release */ = {
			isa = XCBuildConfiguration;
			buildSettings = {
				ASSETCATALOG_COMPILER_APPICON_NAME = AppIcon;
				INFOPLIST_FILE = ZhuZhenAmation/Info.plist;
				LD_RUNPATH_SEARCH_PATHS = "$(inherited) @executable_path/Frameworks";
				PRODUCT_BUNDLE_IDENTIFIER = com.fushike.ZhuZhenAmation;
				PRODUCT_NAME = "$(TARGET_NAME)";
			};
			name = Release;
		};
		6489A58A1C8F3405000257EF /* Debug */ = {
			isa = XCBuildConfiguration;
			buildSettings = {
				BUNDLE_LOADER = "$(TEST_HOST)";
				INFOPLIST_FILE = ZhuZhenAmationTests/Info.plist;
				LD_RUNPATH_SEARCH_PATHS = "$(inherited) @executable_path/Frameworks @loader_path/Frameworks";
				PRODUCT_BUNDLE_IDENTIFIER = com.fushike.ZhuZhenAmationTests;
				PRODUCT_NAME = "$(TARGET_NAME)";
				TEST_HOST = "$(BUILT_PRODUCTS_DIR)/ZhuZhenAmation.app/ZhuZhenAmation";
			};
			name = Debug;
		};
		6489A58B1C8F3405000257EF /* Release */ = {
			isa = XCBuildConfiguration;
			buildSettings = {
				BUNDLE_LOADER = "$(TEST_HOST)";
				INFOPLIST_FILE = ZhuZhenAmationTests/Info.plist;
				LD_RUNPATH_SEARCH_PATHS = "$(inherited) @executable_path/Frameworks @loader_path/Frameworks";
				PRODUCT_BUNDLE_IDENTIFIER = com.fushike.ZhuZhenAmationTests;
				PRODUCT_NAME = "$(TARGET_NAME)";
				TEST_HOST = "$(BUILT_PRODUCTS_DIR)/ZhuZhenAmation.app/ZhuZhenAmation";
			};
			name = Release;
		};
		6489A58D1C8F3405000257EF /* Debug */ = {
			isa = XCBuildConfiguration;
			buildSettings = {
				INFOPLIST_FILE = ZhuZhenAmationUITests/Info.plist;
				LD_RUNPATH_SEARCH_PATHS = "$(inherited) @executable_path/Frameworks @loader_path/Frameworks";
				PRODUCT_BUNDLE_IDENTIFIER = com.fushike.ZhuZhenAmationUITests;
				PRODUCT_NAME = "$(TARGET_NAME)";
				TEST_TARGET_NAME = ZhuZhenAmation;
				USES_XCTRUNNER = YES;
			};
			name = Debug;
		};
		6489A58E1C8F3405000257EF /* Release */ = {
			isa = XCBuildConfiguration;
			buildSettings = {
				INFOPLIST_FILE = ZhuZhenAmationUITests/Info.plist;
				LD_RUNPATH_SEARCH_PATHS = "$(inherited) @executable_path/Frameworks @loader_path/Frameworks";
				PRODUCT_BUNDLE_IDENTIFIER = com.fushike.ZhuZhenAmationUITests;
				PRODUCT_NAME = "$(TARGET_NAME)";
				TEST_TARGET_NAME = ZhuZhenAmation;
				USES_XCTRUNNER = YES;
			};
			name = Release;
		};
/* End XCBuildConfiguration section */

/* Begin XCConfigurationList section */
		6489A5541C8F3405000257EF /* Build configuration list for PBXProject "ZhuZhenAmation" */ = {
			isa = XCConfigurationList;
			buildConfigurations = (
				6489A5841C8F3405000257EF /* Debug */,
				6489A5851C8F3405000257EF /* Release */,
			);
			defaultConfigurationIsVisible = 0;
			defaultConfigurationName = Release;
		};
		6489A5861C8F3405000257EF /* Build configuration list for PBXNativeTarget "ZhuZhenAmation" */ = {
			isa = XCConfigurationList;
			buildConfigurations = (
				6489A5871C8F3405000257EF /* Debug */,
				6489A5881C8F3405000257EF /* Release */,
			);
			defaultConfigurationIsVisible = 0;
		};
		6489A5891C8F3405000257EF /* Build configuration list for PBXNativeTarget "ZhuZhenAmationTests" */ = {
			isa = XCConfigurationList;
			buildConfigurations = (
				6489A58A1C8F3405000257EF /* Debug */,
				6489A58B1C8F3405000257EF /* Release */,
			);
			defaultConfigurationIsVisible = 0;
		};
		6489A58C1C8F3405000257EF /* Build configuration list for PBXNativeTarget "ZhuZhenAmationUITests" */ = {
			isa = XCConfigurationList;
			buildConfigurations = (
				6489A58D1C8F3405000257EF /* Debug */,
				6489A58E1C8F3405000257EF /* Release */,
			);
			defaultConfigurationIsVisible = 0;
		};
/* End XCConfigurationList section */
	};
	rootObject = 6489A5511C8F3405000257EF /* Project object */;
}
